
Microsoft Visual Studio Solution File, Format Version 12.00
# Visual Studio Version 16
VisualStudioVersion = 16.0.31424.327
MinimumVisualStudioVersion = 10.0.40219.1
Project("{FAE04EC0-301F-11D3-BF4B-00C04F79EFBC}") = "Platformer_Game", "Platformer_Game.csproj", "{B8C6F797-DDF7-4507-AC25-509638D89BBC}"
EndProject
Global
	GlobalSection(SolutionConfigurationPlatforms) = preSolution
		Debug|Any CPU = Debug|Any CPU
		Release|Any CPU = Release|Any CPU
	EndGlobalSection
	GlobalSection(ProjectConfigurationPlatforms) = postSolution
		{B8C6F797-DDF7-4507-AC25-509638D89BBC}.Debug|Any CPU.ActiveCfg = Debug|Any CPU
		{B8C6F797-DDF7-4507-AC25-509638D89BBC}.Debug|Any CPU.Build.0 = Debug|Any CPU
		{B8C6F797-DDF7-4507-AC25-509638D89BBC}.Release|Any CPU.ActiveCfg = Release|Any CPU
		{B8C6F797-DDF7-4507-AC25-509638D89BBC}.Release|Any CPU.Build.0 = Release|Any CPU
	EndGlobalSection
	GlobalSection(SolutionProperties) = preSolution
		HideSolutionNode = FALSE
	EndGlobalSection
	GlobalSection(ExtensibilityGlobals) = postSolution
		SolutionGuid = {DD008245-6DF5-46A3-874B-19D017840D9A}
	EndGlobalSection
EndGlobal
